# generated by rye
# use `rye lock` or `rye sync` to update this lockfile
#
# last locked with the following flags:
#   pre: false
#   features: []
#   all-features: false
#   with-sources: false
#   generate-hashes: false
#   universal: false

-e file:.
absl-py==2.3.1
    # via chex
    # via optax
    # via orbax-checkpoint
aiofiles==24.1.0
    # via orbax-checkpoint
certifi==2025.8.3
    # via requests
charset-normalizer==3.4.3
    # via requests
chex==0.1.91
    # via optax
etils==1.13.0
    # via orbax-checkpoint
flax==0.11.2
    # via navi
fsspec==2025.9.0
    # via etils
humanize==4.13.0
    # via orbax-checkpoint
idna==3.10
    # via requests
importlib-resources==6.5.2
    # via etils
jax==0.7.1
    # via chex
    # via flax
    # via navi
    # via optax
    # via orbax-checkpoint
jax-cuda12-pjrt==0.7.1
    # via jax-cuda12-plugin
jax-cuda12-plugin==0.7.1
    # via jax
jaxlib==0.7.1
    # via chex
    # via jax
    # via optax
markdown-it-py==4.0.0
    # via rich
mdurl==0.1.2
    # via markdown-it-py
ml-dtypes==0.5.3
    # via jax
    # via jaxlib
    # via tensorstore
msgpack==1.1.1
    # via flax
    # via orbax-checkpoint
nest-asyncio==1.6.0
    # via orbax-checkpoint
numpy==2.3.3
    # via chex
    # via flax
    # via jax
    # via jaxlib
    # via ml-dtypes
    # via navi
    # via optax
    # via orbax-checkpoint
    # via scipy
    # via tensorstore
    # via treescope
nvidia-cublas-cu12==12.9.1.4
    # via jax-cuda12-plugin
    # via nvidia-cudnn-cu12
    # via nvidia-cusolver-cu12
nvidia-cuda-cupti-cu12==12.9.79
    # via jax-cuda12-plugin
nvidia-cuda-nvcc-cu12==12.9.86
    # via jax-cuda12-plugin
nvidia-cuda-nvrtc-cu12==12.9.86
    # via jax-cuda12-plugin
nvidia-cuda-runtime-cu12==12.9.79
    # via jax-cuda12-plugin
nvidia-cudnn-cu12==9.13.0.50
    # via jax-cuda12-plugin
nvidia-cufft-cu12==11.4.1.4
    # via jax-cuda12-plugin
nvidia-cusolver-cu12==11.7.5.82
    # via jax-cuda12-plugin
nvidia-cusparse-cu12==12.5.10.65
    # via jax-cuda12-plugin
    # via nvidia-cusolver-cu12
nvidia-nccl-cu12==2.28.3
    # via jax-cuda12-plugin
nvidia-nvjitlink-cu12==12.9.86
    # via jax-cuda12-plugin
    # via nvidia-cufft-cu12
    # via nvidia-cusolver-cu12
    # via nvidia-cusparse-cu12
nvidia-nvshmem-cu12==3.4.5
    # via jax-cuda12-plugin
opt-einsum==3.4.0
    # via jax
optax==0.2.6
    # via flax
orbax-checkpoint==0.11.25
    # via flax
protobuf==6.32.1
    # via orbax-checkpoint
pygments==2.19.2
    # via rich
pyyaml==6.0.2
    # via flax
    # via orbax-checkpoint
regex==2025.9.1
    # via tiktoken
requests==2.32.5
    # via tiktoken
rich==14.1.0
    # via flax
scipy==1.16.2
    # via jax
    # via jaxlib
simplejson==3.20.1
    # via orbax-checkpoint
tensorstore==0.1.76
    # via flax
    # via orbax-checkpoint
tiktoken==0.11.0
    # via navi
toolz==1.0.0
    # via chex
treescope==0.1.10
    # via flax
typing-extensions==4.15.0
    # via chex
    # via etils
    # via flax
    # via orbax-checkpoint
urllib3==2.5.0
    # via requests
zipp==3.23.0
    # via etils
